// !$*UTF8*$!
{
	archiveVersion = 1;
	classes = {
	};
	objectVersion = 52;
	objects = {

/* Begin PBXBuildFile section */
		1B095E0825CEF9830016F847 /* AppDelegate.swift in Sources */ = {isa = PBXBuildFile; fileRef = 1B095E0725CEF9830016F847 /* AppDelegate.swift */; };
		1B095E0A25CEF9830016F847 /* SceneDelegate.swift in Sources */ = {isa = PBXBuildFile; fileRef = 1B095E0925CEF9830016F847 /* SceneDelegate.swift */; };
		1B095E0C25CEF9830016F847 /* ViewController.swift in Sources */ = {isa = PBXBuildFile; fileRef = 1B095E0B25CEF9830016F847 /* ViewController.swift */; };
		1B095E1125CEF9840016F847 /* Assets.xcassets in Resources */ = {isa = PBXBuildFile; fileRef = 1B095E1025CEF9840016F847 /* Assets.xcassets */; };
		1B095E1425CEF9840016F847 /* LaunchScreen.storyboard in Resources */ = {isa = PBXBuildFile; fileRef = 1B095E1225CEF9840016F847 /* LaunchScreen.storyboard */; };
		1B095E1F25CEF9840016F847 /* SocialLoginAppTests.swift in Sources */ = {isa = PBXBuildFile; fileRef = 1B095E1E25CEF9840016F847 /* SocialLoginAppTests.swift */; };
		1B095E2A25CEF9840016F847 /* SocialLoginAppUITests.swift in Sources */ = {isa = PBXBuildFile; fileRef = 1B095E2925CEF9840016F847 /* SocialLoginAppUITests.swift */; };
		1B095E3F25CEFC760016F847 /* SnapKit in Frameworks */ = {isa = PBXBuildFile; productRef = 1B095E3E25CEFC760016F847 /* SnapKit */; };
		1B095E4E25CF0A700016F847 /* FacebookShare in Frameworks */ = {isa = PBXBuildFile; productRef = 1B095E4D25CF0A700016F847 /* FacebookShare */; };
		1B095E5025CF0A700016F847 /* FacebookCore in Frameworks */ = {isa = PBXBuildFile; productRef = 1B095E4F25CF0A700016F847 /* FacebookCore */; };
		1B095E5225CF0A700016F847 /* FacebookGamingServices in Frameworks */ = {isa = PBXBuildFile; productRef = 1B095E5125CF0A700016F847 /* FacebookGamingServices */; };
		1B095E5425CF0A700016F847 /* FacebookLogin in Frameworks */ = {isa = PBXBuildFile; productRef = 1B095E5325CF0A700016F847 /* FacebookLogin */; };
		1B527B4B25D063E5006252FE /* GoogleService-Info.plist in Resources */ = {isa = PBXBuildFile; fileRef = 1B527B4A25D063E5006252FE /* GoogleService-Info.plist */; };
		1B527B5C25D096DD006252FE /* HomeViewController.swift in Sources */ = {isa = PBXBuildFile; fileRef = 1B527B5B25D096DD006252FE /* HomeViewController.swift */; };
		1BEA02CB25D49C4500B0E13F /* UIButton+Extension.swift in Sources */ = {isa = PBXBuildFile; fileRef = 1BEA02CA25D49C4500B0E13F /* UIButton+Extension.swift */; };
		1D045480E834FAB149FC9C67 /* Pods_SocialLoginAppTests.framework in Frameworks */ = {isa = PBXBuildFile; fileRef = 9DA541B4F31D0B4446EFA33F /* Pods_SocialLoginAppTests.framework */; };
		929C3D9B0AF916EFD4493A58 /* Pods_SocialLoginApp_SocialLoginAppUITests.framework in Frameworks */ = {isa = PBXBuildFile; fileRef = 7E6DE9FC224C140AB15945F5 /* Pods_SocialLoginApp_SocialLoginAppUITests.framework */; };
		B621FAC344CAB765DF1CD92B /* Pods_SocialLoginApp.framework in Frameworks */ = {isa = PBXBuildFile; fileRef = 4B809AF51F30EE24920DC0E4 /* Pods_SocialLoginApp.framework */; };
/* End PBXBuildFile section */

/* Begin PBXContainerItemProxy section */
		1B095E1B25CEF9840016F847 /* PBXContainerItemProxy */ = {
			isa = PBXContainerItemProxy;
			containerPortal = 1B095DFC25CEF9830016F847 /* Project object */;
			proxyType = 1;
			remoteGlobalIDString = 1B095E0325CEF9830016F847;
			remoteInfo = SocialLoginApp;
		};
		1B095E2625CEF9840016F847 /* PBXContainerItemProxy */ = {
			isa = PBXContainerItemProxy;
			containerPortal = 1B095DFC25CEF9830016F847 /* Project object */;
			proxyType = 1;
			remoteGlobalIDString = 1B095E0325CEF9830016F847;
			remoteInfo = SocialLoginApp;
		};
/* End PBXContainerItemProxy section */

/* Begin PBXFileReference section */
		1B095E0425CEF9830016F847 /* SocialLoginApp.app */ = {isa = PBXFileReference; explicitFileType = wrapper.application; includeInIndex = 0; path = SocialLoginApp.app; sourceTree = BUILT_PRODUCTS_DIR; };
		1B095E0725CEF9830016F847 /* AppDelegate.swift */ = {isa = PBXFileReference; lastKnownFileType = sourcecode.swift; path = AppDelegate.swift; sourceTree = "<group>"; };
		1B095E0925CEF9830016F847 /* SceneDelegate.swift */ = {isa = PBXFileReference; lastKnownFileType = sourcecode.swift; path = SceneDelegate.swift; sourceTree = "<group>"; };
		1B095E0B25CEF9830016F847 /* ViewController.swift */ = {isa = PBXFileReference; lastKnownFileType = sourcecode.swift; path = ViewController.swift; sourceTree = "<group>"; };
		1B095E1025CEF9840016F847 /* Assets.xcassets */ = {isa = PBXFileReference; lastKnownFileType = folder.assetcatalog; path = Assets.xcassets; sourceTree = "<group>"; };
		1B095E1325CEF9840016F847 /* Base */ = {isa = PBXFileReference; lastKnownFileType = file.storyboard; name = Base; path = Base.lproj/LaunchScreen.storyboard; sourceTree = "<group>"; };
		1B095E1525CEF9840016F847 /* Info.plist */ = {isa = PBXFileReference; lastKnownFileType = text.plist.xml; path = Info.plist; sourceTree = "<group>"; };
		1B095E1A25CEF9840016F847 /* SocialLoginAppTests.xctest */ = {isa = PBXFileReference; explicitFileType = wrapper.cfbundle; includeInIndex = 0; path = SocialLoginAppTests.xctest; sourceTree = BUILT_PRODUCTS_DIR; };
		1B095E1E25CEF9840016F847 /* SocialLoginAppTests.swift */ = {isa = PBXFileReference; lastKnownFileType = sourcecode.swift; path = SocialLoginAppTests.swift; sourceTree = "<group>"; };
		1B095E2025CEF9840016F847 /* Info.plist */ = {isa = PBXFileReference; lastKnownFileType = text.plist.xml; path = Info.plist; sourceTree = "<group>"; };
		1B095E2525CEF9840016F847 /* SocialLoginAppUITests.xctest */ = {isa = PBXFileReference; explicitFileType = wrapper.cfbundle; includeInIndex = 0; path = SocialLoginAppUITests.xctest; sourceTree = BUILT_PRODUCTS_DIR; };
		1B095E2925CEF9840016F847 /* SocialLoginAppUITests.swift */ = {isa = PBXFileReference; lastKnownFileType = sourcecode.swift; path = SocialLoginAppUITests.swift; sourceTree = "<group>"; };
		1B095E2B25CEF9840016F847 /* Info.plist */ = {isa = PBXFileReference; lastKnownFileType = text.plist.xml; path = Info.plist; sourceTree = "<group>"; };
		1B527B4A25D063E5006252FE /* GoogleService-Info.plist */ = {isa = PBXFileReference; fileEncoding = 4; lastKnownFileType = text.plist.xml; path = "GoogleService-Info.plist"; sourceTree = "<group>"; };
		1B527B5B25D096DD006252FE /* HomeViewController.swift */ = {isa = PBXFileReference; lastKnownFileType = sourcecode.swift; path = HomeViewController.swift; sourceTree = "<group>"; };
		1BEA02CA25D49C4500B0E13F /* UIButton+Extension.swift */ = {isa = PBXFileReference; lastKnownFileType = sourcecode.swift; path = "UIButton+Extension.swift"; sourceTree = "<group>"; };
		4392963F5E8C268DDDC89EBA /* Pods-SocialLoginApp-SocialLoginAppUITests.release.xcconfig */ = {isa = PBXFileReference; includeInIndex = 1; lastKnownFileType = text.xcconfig; name = "Pods-SocialLoginApp-SocialLoginAppUITests.release.xcconfig"; path = "Target Support Files/Pods-SocialLoginApp-SocialLoginAppUITests/Pods-SocialLoginApp-SocialLoginAppUITests.release.xcconfig"; sourceTree = "<group>"; };
		4B809AF51F30EE24920DC0E4 /* Pods_SocialLoginApp.framework */ = {isa = PBXFileReference; explicitFileType = wrapper.framework; includeInIndex = 0; path = Pods_SocialLoginApp.framework; sourceTree = BUILT_PRODUCTS_DIR; };
		7E6DE9FC224C140AB15945F5 /* Pods_SocialLoginApp_SocialLoginAppUITests.framework */ = {isa = PBXFileReference; explicitFileType = wrapper.framework; includeInIndex = 0; path = Pods_SocialLoginApp_SocialLoginAppUITests.framework; sourceTree = BUILT_PRODUCTS_DIR; };
		9DA541B4F31D0B4446EFA33F /* Pods_SocialLoginAppTests.framework */ = {isa = PBXFileReference; explicitFileType = wrapper.framework; includeInIndex = 0; path = Pods_SocialLoginAppTests.framework; sourceTree = BUILT_PRODUCTS_DIR; };
		B21B053C5864A36FCE7D1B9A /* Pods-SocialLoginApp.debug.xcconfig */ = {isa = PBXFileReference; includeInIndex = 1; lastKnownFileType = text.xcconfig; name = "Pods-SocialLoginApp.debug.xcconfig"; path = "Target Support Files/Pods-SocialLoginApp/Pods-SocialLoginApp.debug.xcconfig"; sourceTree = "<group>"; };
		B890DD7E5FEF1E6993CFCD76 /* Pods-SocialLoginAppTests.release.xcconfig */ = {isa = PBXFileReference; includeInIndex = 1; lastKnownFileType = text.xcconfig; name = "Pods-SocialLoginAppTests.release.xcconfig"; path = "Target Support Files/Pods-SocialLoginAppTests/Pods-SocialLoginAppTests.release.xcconfig"; sourceTree = "<group>"; };
		C6A79BB33544933BCA0BAD9C /* Pods-SocialLoginApp-SocialLoginAppUITests.debug.xcconfig */ = {isa = PBXFileReference; includeInIndex = 1; lastKnownFileType = text.xcconfig; name = "Pods-SocialLoginApp-SocialLoginAppUITests.debug.xcconfig"; path = "Target Support Files/Pods-SocialLoginApp-SocialLoginAppUITests/Pods-SocialLoginApp-SocialLoginAppUITests.debug.xcconfig"; sourceTree = "<group>"; };
		E0A1E27C1B0AA675BD90F1B2 /* Pods-SocialLoginApp.release.xcconfig */ = {isa = PBXFileReference; includeInIndex = 1; lastKnownFileType = text.xcconfig; name = "Pods-SocialLoginApp.release.xcconfig"; path = "Target Support Files/Pods-SocialLoginApp/Pods-SocialLoginApp.release.xcconfig"; sourceTree = "<group>"; };
		F170F689B670FED34EEEE434 /* Pods-SocialLoginAppTests.debug.xcconfig */ = {isa = PBXFileReference; includeInIndex = 1; lastKnownFileType = text.xcconfig; name = "Pods-SocialLoginAppTests.debug.xcconfig"; path = "Target Support Files/Pods-SocialLoginAppTests/Pods-SocialLoginAppTests.debug.xcconfig"; sourceTree = "<group>"; };
/* End PBXFileReference section */

/* Begin PBXFrameworksBuildPhase section */
		1B095E0125CEF9830016F847 /* Frameworks */ = {
			isa = PBXFrameworksBuildPhase;
			buildActionMask = 2147483647;
			files = (
				1B095E5425CF0A700016F847 /* FacebookLogin in Frameworks */,
				1B095E4E25CF0A700016F847 /* FacebookShare in Frameworks */,
				1B095E5025CF0A700016F847 /* FacebookCore in Frameworks */,
				1B095E3F25CEFC760016F847 /* SnapKit in Frameworks */,
				1B095E5225CF0A700016F847 /* FacebookGamingServices in Frameworks */,
				B621FAC344CAB765DF1CD92B /* Pods_SocialLoginApp.framework in Frameworks */,
			);
			runOnlyForDeploymentPostprocessing = 0;
		};
		1B095E1725CEF9840016F847 /* Frameworks */ = {
			isa = PBXFrameworksBuildPhase;
			buildActionMask = 2147483647;
			files = (
				1D045480E834FAB149FC9C67 /* Pods_SocialLoginAppTests.framework in Frameworks */,
			);
			runOnlyForDeploymentPostprocessing = 0;
		};
		1B095E2225CEF9840016F847 /* Frameworks */ = {
			isa = PBXFrameworksBuildPhase;
			buildActionMask = 2147483647;
			files = (
				929C3D9B0AF916EFD4493A58 /* Pods_SocialLoginApp_SocialLoginAppUITests.framework in Frameworks */,
			);
			runOnlyForDeploymentPostprocessing = 0;
		};
/* End PBXFrameworksBuildPhase section */

/* Begin PBXGroup section */
		1B095DFB25CEF9830016F847 = {
			isa = PBXGroup;
			children = (
				1B095E0625CEF9830016F847 /* SocialLoginApp */,
				1B095E1D25CEF9840016F847 /* SocialLoginAppTests */,
				1B095E2825CEF9840016F847 /* SocialLoginAppUITests */,
				1B095E0525CEF9830016F847 /* Products */,
				A6B2D785ED7AE8FA57EAFB7A /* Pods */,
				F84D0B8DDC93FFCAEE819C5C /* Frameworks */,
			);
			sourceTree = "<group>";
		};
		1B095E0525CEF9830016F847 /* Products */ = {
			isa = PBXGroup;
			children = (
				1B095E0425CEF9830016F847 /* SocialLoginApp.app */,
				1B095E1A25CEF9840016F847 /* SocialLoginAppTests.xctest */,
				1B095E2525CEF9840016F847 /* SocialLoginAppUITests.xctest */,
			);
			name = Products;
			sourceTree = "<group>";
		};
		1B095E0625CEF9830016F847 /* SocialLoginApp */ = {
			isa = PBXGroup;
			children = (
				1B095E0725CEF9830016F847 /* AppDelegate.swift */,
				1B095E0925CEF9830016F847 /* SceneDelegate.swift */,
				1B095E0B25CEF9830016F847 /* ViewController.swift */,
				1B527B5B25D096DD006252FE /* HomeViewController.swift */,
				1B095E1025CEF9840016F847 /* Assets.xcassets */,
				1B095E1225CEF9840016F847 /* LaunchScreen.storyboard */,
				1B095E1525CEF9840016F847 /* Info.plist */,
				1B527B4A25D063E5006252FE /* GoogleService-Info.plist */,
				1BEA02CA25D49C4500B0E13F /* UIButton+Extension.swift */,
			);
			path = SocialLoginApp;
			sourceTree = "<group>";
		};
		1B095E1D25CEF9840016F847 /* SocialLoginAppTests */ = {
			isa = PBXGroup;
			children = (
				1B095E1E25CEF9840016F847 /* SocialLoginAppTests.swift */,
				1B095E2025CEF9840016F847 /* Info.plist */,
			);
			path = SocialLoginAppTests;
			sourceTree = "<group>";
		};
		1B095E2825CEF9840016F847 /* SocialLoginAppUITests */ = {
			isa = PBXGroup;
			children = (
				1B095E2925CEF9840016F847 /* SocialLoginAppUITests.swift */,
				1B095E2B25CEF9840016F847 /* Info.plist */,
			);
			path = SocialLoginAppUITests;
			sourceTree = "<group>";
		};
		A6B2D785ED7AE8FA57EAFB7A /* Pods */ = {
			isa = PBXGroup;
			children = (
				B21B053C5864A36FCE7D1B9A /* Pods-SocialLoginApp.debug.xcconfig */,
				E0A1E27C1B0AA675BD90F1B2 /* Pods-SocialLoginApp.release.xcconfig */,
				C6A79BB33544933BCA0BAD9C /* Pods-SocialLoginApp-SocialLoginAppUITests.debug.xcconfig */,
				4392963F5E8C268DDDC89EBA /* Pods-SocialLoginApp-SocialLoginAppUITests.release.xcconfig */,
				F170F689B670FED34EEEE434 /* Pods-SocialLoginAppTests.debug.xcconfig */,
				B890DD7E5FEF1E6993CFCD76 /* Pods-SocialLoginAppTests.release.xcconfig */,
			);
			path = Pods;
			sourceTree = "<group>";
		};
		F84D0B8DDC93FFCAEE819C5C /* Frameworks */ = {
			isa = PBXGroup;
			children = (
				4B809AF51F30EE24920DC0E4 /* Pods_SocialLoginApp.framework */,
				7E6DE9FC224C140AB15945F5 /* Pods_SocialLoginApp_SocialLoginAppUITests.framework */,
				9DA541B4F31D0B4446EFA33F /* Pods_SocialLoginAppTests.framework */,
			);
			name = Frameworks;
			sourceTree = "<group>";
		};
/* End PBXGroup section */

/* Begin PBXNativeTarget section */
		1B095E0325CEF9830016F847 /* SocialLoginApp */ = {
			isa = PBXNativeTarget;
			buildConfigurationList = 1B095E2E25CEF9840016F847 /* Build configuration list for PBXNativeTarget "SocialLoginApp" */;
			buildPhases = (
				F4DC9818C92C1A8E05E9280C /* [CP] Check Pods Manifest.lock */,
				1B095E0025CEF9830016F847 /* Sources */,
				1B095E0125CEF9830016F847 /* Frameworks */,
				1B095E0225CEF9830016F847 /* Resources */,
				57969DFE1F34E0647BBD9806 /* [CP] Embed Pods Frameworks */,
				24AF7EE91550500E5B392F27 /* [CP] Copy Pods Resources */,
			);
			buildRules = (
			);
			dependencies = (
			);
			name = SocialLoginApp;
			packageProductDependencies = (
				1B095E3E25CEFC760016F847 /* SnapKit */,
				1B095E4D25CF0A700016F847 /* FacebookShare */,
				1B095E4F25CF0A700016F847 /* FacebookCore */,
				1B095E5125CF0A700016F847 /* FacebookGamingServices */,
				1B095E5325CF0A700016F847 /* FacebookLogin */,
			);
			productName = SocialLoginApp;
			productReference = 1B095E0425CEF9830016F847 /* SocialLoginApp.app */;
			productType = "com.apple.product-type.application";
		};
		1B095E1925CEF9840016F847 /* SocialLoginAppTests */ = {
			isa = PBXNativeTarget;
			buildConfigurationList = 1B095E3125CEF9840016F847 /* Build configuration list for PBXNativeTarget "SocialLoginAppTests" */;
			buildPhases = (
				63C6F546AF68D9F959864DD1 /* [CP] Check Pods Manifest.lock */,
				1B095E1625CEF9840016F847 /* Sources */,
				1B095E1725CEF9840016F847 /* Frameworks */,
				1B095E1825CEF9840016F847 /* Resources */,
			);
			buildRules = (
			);
			dependencies = (
				1B095E1C25CEF9840016F847 /* PBXTargetDependency */,
			);
			name = SocialLoginAppTests;
			productName = SocialLoginAppTests;
			productReference = 1B095E1A25CEF9840016F847 /* SocialLoginAppTests.xctest */;
			productType = "com.apple.product-type.bundle.unit-test";
		};
		1B095E2425CEF9840016F847 /* SocialLoginAppUITests */ = {
			isa = PBXNativeTarget;
			buildConfigurationList = 1B095E3425CEF9840016F847 /* Build configuration list for PBXNativeTarget "SocialLoginAppUITests" */;
			buildPhases = (
				1C27E85C64F197B4B4347743 /* [CP] Check Pods Manifest.lock */,
				1B095E2125CEF9840016F847 /* Sources */,
				1B095E2225CEF9840016F847 /* Frameworks */,
				1B095E2325CEF9840016F847 /* Resources */,
				271F862EA63C58C92D943283 /* [CP] Embed Pods Frameworks */,
				CEE95993B96429CE94FBEF63 /* [CP] Copy Pods Resources */,
			);
			buildRules = (
			);
			dependencies = (
				1B095E2725CEF9840016F847 /* PBXTargetDependency */,
			);
			name = SocialLoginAppUITests;
			productName = SocialLoginAppUITests;
			productReference = 1B095E2525CEF9840016F847 /* SocialLoginAppUITests.xctest */;
			productType = "com.apple.product-type.bundle.ui-testing";
		};
/* End PBXNativeTarget section */

/* Begin PBXProject section */
		1B095DFC25CEF9830016F847 /* Project object */ = {
			isa = PBXProject;
			attributes = {
				LastSwiftUpdateCheck = 1240;
				LastUpgradeCheck = 1240;
				TargetAttributes = {
					1B095E0325CEF9830016F847 = {
						CreatedOnToolsVersion = 12.4;
					};
					1B095E1925CEF9840016F847 = {
						CreatedOnToolsVersion = 12.4;
						TestTargetID = 1B095E0325CEF9830016F847;
					};
					1B095E2425CEF9840016F847 = {
						CreatedOnToolsVersion = 12.4;
						TestTargetID = 1B095E0325CEF9830016F847;
					};
				};
			};
			buildConfigurationList = 1B095DFF25CEF9830016F847 /* Build configuration list for PBXProject "SocialLoginApp" */;
			compatibilityVersion = "Xcode 9.3";
			developmentRegion = en;
			hasScannedForEncodings = 0;
			knownRegions = (
				en,
				Base,
			);
			mainGroup = 1B095DFB25CEF9830016F847;
			packageReferences = (
				1B095E3D25CEFC760016F847 /* XCRemoteSwiftPackageReference "SnapKit" */,
				1B095E4C25CF0A700016F847 /* XCRemoteSwiftPackageReference "facebook-ios-sdk" */,
			);
			productRefGroup = 1B095E0525CEF9830016F847 /* Products */;
			projectDirPath = "";
			projectRoot = "";
			targets = (
				1B095E0325CEF9830016F847 /* SocialLoginApp */,
				1B095E1925CEF9840016F847 /* SocialLoginAppTests */,
				1B095E2425CEF9840016F847 /* SocialLoginAppUITests */,
			);
		};
/* End PBXProject section */

/* Begin PBXResourcesBuildPhase section */
		1B095E0225CEF9830016F847 /* Resources */ = {
			isa = PBXResourcesBuildPhase;
			buildActionMask = 2147483647;
			files = (
				1B095E1425CEF9840016F847 /* LaunchScreen.storyboard in Resources */,
				1B095E1125CEF9840016F847 /* Assets.xcassets in Resources */,
				1B527B4B25D063E5006252FE /* GoogleService-Info.plist in Resources */,
			);
			runOnlyForDeploymentPostprocessing = 0;
		};
		1B095E1825CEF9840016F847 /* Resources */ = {
			isa = PBXResourcesBuildPhase;
			buildActionMask = 2147483647;
			files = (
			);
			runOnlyForDeploymentPostprocessing = 0;
		};
		1B095E2325CEF9840016F847 /* Resources */ = {
			isa = PBXResourcesBuildPhase;
			buildActionMask = 2147483647;
			files = (
			);
			runOnlyForDeploymentPostprocessing = 0;
		};
/* End PBXResourcesBuildPhase section */

/* Begin PBXShellScriptBuildPhase section */
		1C27E85C64F197B4B4347743 /* [CP] Check Pods Manifest.lock */ = {
			isa = PBXShellScriptBuildPhase;
			buildActionMask = 2147483647;
			files = (
			);
			inputFileListPaths = (
			);
			inputPaths = (
				"${PODS_PODFILE_DIR_PATH}/Podfile.lock",
				"${PODS_ROOT}/Manifest.lock",
			);
			name = "[CP] Check Pods Manifest.lock";
			outputFileListPaths = (
			);
			outputPaths = (
				"$(DERIVED_FILE_DIR)/Pods-SocialLoginApp-SocialLoginAppUITests-checkManifestLockResult.txt",
			);
			runOnlyForDeploymentPostprocessing = 0;
			shellPath = /bin/sh;
			shellScript = "diff \"${PODS_PODFILE_DIR_PATH}/Podfile.lock\" \"${PODS_ROOT}/Manifest.lock\" > /dev/null\nif [ $? != 0 ] ; then\n    # print error to STDERR\n    echo \"error: The sandbox is not in sync with the Podfile.lock. Run 'pod install' or update your CocoaPods installation.\" >&2\n    exit 1\nfi\n# This output is used by Xcode 'outputs' to avoid re-running this script phase.\necho \"SUCCESS\" > \"${SCRIPT_OUTPUT_FILE_0}\"\n";
			showEnvVarsInLog = 0;
		};
		24AF7EE91550500E5B392F27 /* [CP] Copy Pods Resources */ = {
			isa = PBXShellScriptBuildPhase;
			buildActionMask = 2147483647;
			files = (
			);
			inputFileListPaths = (
				"${PODS_ROOT}/Target Support Files/Pods-SocialLoginApp/Pods-SocialLoginApp-resources-${CONFIGURATION}-input-files.xcfilelist",
			);
			name = "[CP] Copy Pods Resources";
			outputFileListPaths = (
				"${PODS_ROOT}/Target Support Files/Pods-SocialLoginApp/Pods-SocialLoginApp-resources-${CONFIGURATION}-output-files.xcfilelist",
			);
			runOnlyForDeploymentPostprocessing = 0;
			shellPath = /bin/sh;
			shellScript = "\"${PODS_ROOT}/Target Support Files/Pods-SocialLoginApp/Pods-SocialLoginApp-resources.sh\"\n";
			showEnvVarsInLog = 0;
		};
		271F862EA63C58C92D943283 /* [CP] Embed Pods Frameworks */ = {
			isa = PBXShellScriptBuildPhase;
			buildActionMask = 2147483647;
			files = (
			);
			inputFileListPaths = (
				"${PODS_ROOT}/Target Support Files/Pods-SocialLoginApp-SocialLoginAppUITests/Pods-SocialLoginApp-SocialLoginAppUITests-frameworks-${CONFIGURATION}-input-files.xcfilelist",
			);
			name = "[CP] Embed Pods Frameworks";
			outputFileListPaths = (
				"${PODS_ROOT}/Target Support Files/Pods-SocialLoginApp-SocialLoginAppUITests/Pods-SocialLoginApp-SocialLoginAppUITests-frameworks-${CONFIGURATION}-output-files.xcfilelist",
			);
			runOnlyForDeploymentPostprocessing = 0;
			shellPath = /bin/sh;
			shellScript = "\"${PODS_ROOT}/Target Support Files/Pods-SocialLoginApp-SocialLoginAppUITests/Pods-SocialLoginApp-SocialLoginAppUITests-frameworks.sh\"\n";
			showEnvVarsInLog = 0;
		};
		57969DFE1F34E0647BBD9806 /* [CP] Embed Pods Frameworks */ = {
			isa = PBXShellScriptBuildPhase;
			buildActionMask = 2147483647;
			files = (
			);
			inputFileListPaths = (
				"${PODS_ROOT}/Target Support Files/Pods-SocialLoginApp/Pods-SocialLoginApp-frameworks-${CONFIGURATION}-input-files.xcfilelist",
			);
			name = "[CP] Embed Pods Frameworks";
			outputFileListPaths = (
				"${PODS_ROOT}/Target Support Files/Pods-SocialLoginApp/Pods-SocialLoginApp-frameworks-${CONFIGURATION}-output-files.xcfilelist",
			);
			runOnlyForDeploymentPostprocessing = 0;
			shellPath = /bin/sh;
			shellScript = "\"${PODS_ROOT}/Target Support Files/Pods-SocialLoginApp/Pods-SocialLoginApp-frameworks.sh\"\n";
			showEnvVarsInLog = 0;
		};
		63C6F546AF68D9F959864DD1 /* [CP] Check Pods Manifest.lock */ = {
			isa = PBXShellScriptBuildPhase;
			buildActionMask = 2147483647;
			files = (
			);
			inputFileListPaths = (
			);
			inputPaths = (
				"${PODS_PODFILE_DIR_PATH}/Podfile.lock",
				"${PODS_ROOT}/Manifest.lock",
			);
			name = "[CP] Check Pods Manifest.lock";
			outputFileListPaths = (
			);
			outputPaths = (
				"$(DERIVED_FILE_DIR)/Pods-SocialLoginAppTests-checkManifestLockResult.txt",
			);
			runOnlyForDeploymentPostprocessing = 0;
			shellPath = /bin/sh;
			shellScript = "diff \"${PODS_PODFILE_DIR_PATH}/Podfile.lock\" \"${PODS_ROOT}/Manifest.lock\" > /dev/null\nif [ $? != 0 ] ; then\n    # print error to STDERR\n    echo \"error: The sandbox is not in sync with the Podfile.lock. Run 'pod install' or update your CocoaPods installation.\" >&2\n    exit 1\nfi\n# This output is used by Xcode 'outputs' to avoid re-running this script phase.\necho \"SUCCESS\" > \"${SCRIPT_OUTPUT_FILE_0}\"\n";
			showEnvVarsInLog = 0;
		};
		CEE95993B96429CE94FBEF63 /* [CP] Copy Pods Resources */ = {
			isa = PBXShellScriptBuildPhase;
			buildActionMask = 2147483647;
			files = (
			);
			inputFileListPaths = (
				"${PODS_ROOT}/Target Support Files/Pods-SocialLoginApp-SocialLoginAppUITests/Pods-SocialLoginApp-SocialLoginAppUITests-resources-${CONFIGURATION}-input-files.xcfilelist",
			);
			name = "[CP] Copy Pods Resources";
			outputFileListPaths = (
				"${PODS_ROOT}/Target Support Files/Pods-SocialLoginApp-SocialLoginAppUITests/Pods-SocialLoginApp-SocialLoginAppUITests-resources-${CONFIGURATION}-output-files.xcfilelist",
			);
			runOnlyForDeploymentPostprocessing = 0;
			shellPath = /bin/sh;
			shellScript = "\"${PODS_ROOT}/Target Support Files/Pods-SocialLoginApp-SocialLoginAppUITests/Pods-SocialLoginApp-SocialLoginAppUITests-resources.sh\"\n";
			showEnvVarsInLog = 0;
		};
		F4DC9818C92C1A8E05E9280C /* [CP] Check Pods Manifest.lock */ = {
			isa = PBXShellScriptBuildPhase;
			buildActionMask = 2147483647;
			files = (
			);
			inputFileListPaths = (
			);
			inputPaths = (
				"${PODS_PODFILE_DIR_PATH}/Podfile.lock",
				"${PODS_ROOT}/Manifest.lock",
			);
			name = "[CP] Check Pods Manifest.lock";
			outputFileListPaths = (
			);
			outputPaths = (
				"$(DERIVED_FILE_DIR)/Pods-SocialLoginApp-checkManifestLockResult.txt",
			);
			runOnlyForDeploymentPostprocessing = 0;
			shellPath = /bin/sh;
			shellScript = "diff \"${PODS_PODFILE_DIR_PATH}/Podfile.lock\" \"${PODS_ROOT}/Manifest.lock\" > /dev/null\nif [ $? != 0 ] ; then\n    # print error to STDERR\n    echo \"error: The sandbox is not in sync with the Podfile.lock. Run 'pod install' or update your CocoaPods installation.\" >&2\n    exit 1\nfi\n# This output is used by Xcode 'outputs' to avoid re-running this script phase.\necho \"SUCCESS\" > \"${SCRIPT_OUTPUT_FILE_0}\"\n";
			showEnvVarsInLog = 0;
		};
/* End PBXShellScriptBuildPhase section */

/* Begin PBXSourcesBuildPhase section */
		1B095E0025CEF9830016F847 /* Sources */ = {
			isa = PBXSourcesBuildPhase;
			buildActionMask = 2147483647;
			files = (
				1B095E0C25CEF9830016F847 /* ViewController.swift in Sources */,
				1BEA02CB25D49C4500B0E13F /* UIButton+Extension.swift in Sources */,
				1B095E0825CEF9830016F847 /* AppDelegate.swift in Sources */,
				1B095E0A25CEF9830016F847 /* SceneDelegate.swift in Sources */,
				1B527B5C25D096DD006252FE /* HomeViewController.swift in Sources */,
			);
			runOnlyForDeploymentPostprocessing = 0;
		};
		1B095E1625CEF9840016F847 /* Sources */ = {
			isa = PBXSourcesBuildPhase;
			buildActionMask = 2147483647;
			files = (
				1B095E1F25CEF9840016F847 /* SocialLoginAppTests.swift in Sources */,
			);
			runOnlyForDeploymentPostprocessing = 0;
		};
		1B095E2125CEF9840016F847 /* Sources */ = {
			isa = PBXSourcesBuildPhase;
			buildActionMask = 2147483647;
			files = (
				1B095E2A25CEF9840016F847 /* SocialLoginAppUITests.swift in Sources */,
			);
			runOnlyForDeploymentPostprocessing = 0;
		};
/* End PBXSourcesBuildPhase section */

/* Begin PBXTargetDependency section */
		1B095E1C25CEF9840016F847 /* PBXTargetDependency */ = {
			isa = PBXTargetDependency;
			target = 1B095E0325CEF9830016F847 /* SocialLoginApp */;
			targetProxy = 1B095E1B25CEF9840016F847 /* PBXContainerItemProxy */;
		};
		1B095E2725CEF9840016F847 /* PBXTargetDependency */ = {
			isa = PBXTargetDependency;
			target = 1B095E0325CEF9830016F847 /* SocialLoginApp */;
			targetProxy = 1B095E2625CEF9840016F847 /* PBXContainerItemProxy */;
		};
/* End PBXTargetDependency section */

/* Begin PBXVariantGroup section */
		1B095E1225CEF9840016F847 /* LaunchScreen.storyboard */ = {
			isa = PBXVariantGroup;
			children = (
				1B095E1325CEF9840016F847 /* Base */,
			);
			name = LaunchScreen.storyboard;
			sourceTree = "<group>";
		};
/* End PBXVariantGroup section */

/* Begin XCBuildConfiguration section */
		1B095E2C25CEF9840016F847 /* Debug */ = {
			isa = XCBuildConfiguration;
			buildSettings = {
				ALWAYS_SEARCH_USER_PATHS = NO;
				CLANG_ANALYZER_NONNULL = YES;
				CLANG_ANALYZER_NUMBER_OBJECT_CONVERSION = YES_AGGRESSIVE;
				CLANG_CXX_LANGUAGE_STANDARD = "gnu++14";
				CLANG_CXX_LIBRARY = "libc++";
				CLANG_ENABLE_MODULES = YES;
				CLANG_ENABLE_OBJC_ARC = YES;
				CLANG_ENABLE_OBJC_WEAK = YES;
				CLANG_WARN_BLOCK_CAPTURE_AUTORELEASING = YES;
				CLANG_WARN_BOOL_CONVERSION = YES;
				CLANG_WARN_COMMA = YES;
				CLANG_WARN_CONSTANT_CONVERSION = YES;
				CLANG_WARN_DEPRECATED_OBJC_IMPLEMENTATIONS = YES;
				CLANG_WARN_DIRECT_OBJC_ISA_USAGE = YES_ERROR;
				CLANG_WARN_DOCUMENTATION_COMMENTS = YES;
				CLANG_WARN_EMPTY_BODY = YES;
				CLANG_WARN_ENUM_CONVERSION = YES;
				CLANG_WARN_INFINITE_RECURSION = YES;
				CLANG_WARN_INT_CONVERSION = YES;
				CLANG_WARN_NON_LITERAL_NULL_CONVERSION = YES;
				CLANG_WARN_OBJC_IMPLICIT_RETAIN_SELF = YES;
				CLANG_WARN_OBJC_LITERAL_CONVERSION = YES;
				CLANG_WARN_OBJC_ROOT_CLASS = YES_ERROR;
				CLANG_WARN_QUOTED_INCLUDE_IN_FRAMEWORK_HEADER = YES;
				CLANG_WARN_RANGE_LOOP_ANALYSIS = YES;
				CLANG_WARN_STRICT_PROTOTYPES = YES;
				CLANG_WARN_SUSPICIOUS_MOVE = YES;
				CLANG_WARN_UNGUARDED_AVAILABILITY = YES_AGGRESSIVE;
				CLANG_WARN_UNREACHABLE_CODE = YES;
				CLANG_WARN__DUPLICATE_METHOD_MATCH = YES;
				COPY_PHASE_STRIP = NO;
				DEBUG_INFORMATION_FORMAT = dwarf;
				ENABLE_STRICT_OBJC_MSGSEND = YES;
				ENABLE_TESTABILITY = YES;
				GCC_C_LANGUAGE_STANDARD = gnu11;
				GCC_DYNAMIC_NO_PIC = NO;
				GCC_NO_COMMON_BLOCKS = YES;
				GCC_OPTIMIZATION_LEVEL = 0;
				GCC_PREPROCESSOR_DEFINITIONS = (
					"DEBUG=1",
					"$(inherited)",
				);
				GCC_WARN_64_TO_32_BIT_CONVERSION = YES;
				GCC_WARN_ABOUT_RETURN_TYPE = YES_ERROR;
				GCC_WARN_UNDECLARED_SELECTOR = YES;
				GCC_WARN_UNINITIALIZED_AUTOS = YES_AGGRESSIVE;
				GCC_WARN_UNUSED_FUNCTION = YES;
				GCC_WARN_UNUSED_VARIABLE = YES;
				IPHONEOS_DEPLOYMENT_TARGET = 14.3;
				MTL_ENABLE_DEBUG_INFO = INCLUDE_SOURCE;
				MTL_FAST_MATH = YES;
				ONLY_ACTIVE_ARCH = YES;
				SDKROOT = iphoneos;
				SWIFT_ACTIVE_COMPILATION_CONDITIONS = DEBUG;
				SWIFT_OPTIMIZATION_LEVEL = "-Onone";
			};
			name = Debug;
		};
		1B095E2D25CEF9840016F847 /* Release */ = {
			isa = XCBuildConfiguration;
			buildSettings = {
				ALWAYS_SEARCH_USER_PATHS = NO;
				CLANG_ANALYZER_NONNULL = YES;
				CLANG_ANALYZER_NUMBER_OBJECT_CONVERSION = YES_AGGRESSIVE;
				CLANG_CXX_LANGUAGE_STANDARD = "gnu++14";
				CLANG_CXX_LIBRARY = "libc++";
				CLANG_ENABLE_MODULES = YES;
				CLANG_ENABLE_OBJC_ARC = YES;
				CLANG_ENABLE_OBJC_WEAK = YES;
				CLANG_WARN_BLOCK_CAPTURE_AUTORELEASING = YES;
				CLANG_WARN_BOOL_CONVERSION = YES;
				CLANG_WARN_COMMA = YES;
				CLANG_WARN_CONSTANT_CONVERSION = YES;
				CLANG_WARN_DEPRECATED_OBJC_IMPLEMENTATIONS = YES;
				CLANG_WARN_DIRECT_OBJC_ISA_USAGE = YES_ERROR;
				CLANG_WARN_DOCUMENTATION_COMMENTS = YES;
				CLANG_WARN_EMPTY_BODY = YES;
				CLANG_WARN_ENUM_CONVERSION = YES;
				CLANG_WARN_INFINITE_RECURSION = YES;
				CLANG_WARN_INT_CONVERSION = YES;
				CLANG_WARN_NON_LITERAL_NULL_CONVERSION = YES;
				CLANG_WARN_OBJC_IMPLICIT_RETAIN_SELF = YES;
				CLANG_WARN_OBJC_LITERAL_CONVERSION = YES;
				CLANG_WARN_OBJC_ROOT_CLASS = YES_ERROR;
				CLANG_WARN_QUOTED_INCLUDE_IN_FRAMEWORK_HEADER = YES;
				CLANG_WARN_RANGE_LOOP_ANALYSIS = YES;
				CLANG_WARN_STRICT_PROTOTYPES = YES;
				CLANG_WARN_SUSPICIOUS_MOVE = YES;
				CLANG_WARN_UNGUARDED_AVAILABILITY = YES_AGGRESSIVE;
				CLANG_WARN_UNREACHABLE_CODE = YES;
				CLANG_WARN__DUPLICATE_METHOD_MATCH = YES;
				COPY_PHASE_STRIP = NO;
				DEBUG_INFORMATION_FORMAT = "dwarf-with-dsym";
				ENABLE_NS_ASSERTIONS = NO;
				ENABLE_STRICT_OBJC_MSGSEND = YES;
				GCC_C_LANGUAGE_STANDARD = gnu11;
				GCC_NO_COMMON_BLOCKS = YES;
				GCC_WARN_64_TO_32_BIT_CONVERSION = YES;
				GCC_WARN_ABOUT_RETURN_TYPE = YES_ERROR;
				GCC_WARN_UNDECLARED_SELECTOR = YES;
				GCC_WARN_UNINITIALIZED_AUTOS = YES_AGGRESSIVE;
				GCC_WARN_UNUSED_FUNCTION = YES;
				GCC_WARN_UNUSED_VARIABLE = YES;
				IPHONEOS_DEPLOYMENT_TARGET = 14.3;
				MTL_ENABLE_DEBUG_INFO = NO;
				MTL_FAST_MATH = YES;
				SDKROOT = iphoneos;
				SWIFT_COMPILATION_MODE = wholemodule;
				SWIFT_OPTIMIZATION_LEVEL = "-O";
				VALIDATE_PRODUCT = YES;
			};
			name = Release;
		};
		1B095E2F25CEF9840016F847 /* Debug */ = {
			isa = XCBuildConfiguration;
			baseConfigurationReference = B21B053C5864A36FCE7D1B9A /* Pods-SocialLoginApp.debug.xcconfig */;
			buildSettings = {
				ASSETCATALOG_COMPILER_APPICON_NAME = AppIcon;
				ASSETCATALOG_COMPILER_GLOBAL_ACCENT_COLOR_NAME = AccentColor;
				CODE_SIGN_STYLE = Automatic;
				DEVELOPMENT_TEAM = RY8P4GJ2VZ;
				INFOPLIST_FILE = SocialLoginApp/Info.plist;
				LD_RUNPATH_SEARCH_PATHS = (
					"$(inherited)",
					"@executable_path/Frameworks",
				);
				PRODUCT_BUNDLE_IDENTIFIER = myCompany.SocialLoginApp;
				PRODUCT_NAME = "$(TARGET_NAME)";
				SWIFT_VERSION = 5.0;
				TARGETED_DEVICE_FAMILY = "1,2";
			};
			name = Debug;
		};
		1B095E3025CEF9840016F847 /* Release */ = {
			isa = XCBuildConfiguration;
			baseConfigurationReference = E0A1E27C1B0AA675BD90F1B2 /* Pods-SocialLoginApp.release.xcconfig */;
			buildSettings = {
				ASSETCATALOG_COMPILER_APPICON_NAME = AppIcon;
				ASSETCATALOG_COMPILER_GLOBAL_ACCENT_COLOR_NAME = AccentColor;
				CODE_SIGN_STYLE = Automatic;
				DEVELOPMENT_TEAM = RY8P4GJ2VZ;
				INFOPLIST_FILE = SocialLoginApp/Info.plist;
				LD_RUNPATH_SEARCH_PATHS = (
					"$(inherited)",
					"@executable_path/Frameworks",
				);
				PRODUCT_BUNDLE_IDENTIFIER = myCompany.SocialLoginApp;
				PRODUCT_NAME = "$(TARGET_NAME)";
				SWIFT_VERSION = 5.0;
				TARGETED_DEVICE_FAMILY = "1,2";
			};
			name = Release;
		};
		1B095E3225CEF9840016F847 /* Debug */ = {
			isa = XCBuildConfiguration;
			baseConfigurationReference = F170F689B670FED34EEEE434 /* Pods-SocialLoginAppTests.debug.xcconfig */;
			buildSettings = {
				ALWAYS_EMBED_SWIFT_STANDARD_LIBRARIES = YES;
				BUNDLE_LOADER = "$(TEST_HOST)";
				CODE_SIGN_STYLE = Automatic;
				DEVELOPMENT_TEAM = RY8P4GJ2VZ;
				INFOPLIST_FILE = SocialLoginAppTests/Info.plist;
				IPHONEOS_DEPLOYMENT_TARGET = 14.4;
				LD_RUNPATH_SEARCH_PATHS = (
					"$(inherited)",
					"@executable_path/Frameworks",
					"@loader_path/Frameworks",
				);
				PRODUCT_BUNDLE_IDENTIFIER = myCompany.SocialLoginAppTests;
				PRODUCT_NAME = "$(TARGET_NAME)";
				SWIFT_VERSION = 5.0;
				TARGETED_DEVICE_FAMILY = "1,2";
				TEST_HOST = "$(BUILT_PRODUCTS_DIR)/SocialLoginApp.app/SocialLoginApp";
			};
			name = Debug;
		};
		1B095E3325CEF9840016F847 /* Release */ = {
			isa = XCBuildConfiguration;
			baseConfigurationReference = B890DD7E5FEF1E6993CFCD76 /* Pods-SocialLoginAppTests.release.xcconfig */;
			buildSettings = {
				ALWAYS_EMBED_SWIFT_STANDARD_LIBRARIES = YES;
				BUNDLE_LOADER = "$(TEST_HOST)";
				CODE_SIGN_STYLE = Automatic;
				DEVELOPMENT_TEAM = RY8P4GJ2VZ;
				INFOPLIST_FILE = SocialLoginAppTests/Info.plist;
				IPHONEOS_DEPLOYMENT_TARGET = 14.4;
				LD_RUNPATH_SEARCH_PATHS = (
					"$(inherited)",
					"@executable_path/Frameworks",
					"@loader_path/Frameworks",
				);
				PRODUCT_BUNDLE_IDENTIFIER = myCompany.SocialLoginAppTests;
				PRODUCT_NAME = "$(TARGET_NAME)";
				SWIFT_VERSION = 5.0;
				TARGETED_DEVICE_FAMILY = "1,2";
				TEST_HOST = "$(BUILT_PRODUCTS_DIR)/SocialLoginApp.app/SocialLoginApp";
			};
			name = Release;
		};
		1B095E3525CEF9840016F847 /* Debug */ = {
			isa = XCBuildConfiguration;
			baseConfigurationReference = C6A79BB33544933BCA0BAD9C /* Pods-SocialLoginApp-SocialLoginAppUITests.debug.xcconfig */;
			buildSettings = {
				ALWAYS_EMBED_SWIFT_STANDARD_LIBRARIES = YES;
				CODE_SIGN_STYLE = Automatic;
				DEVELOPMENT_TEAM = RY8P4GJ2VZ;
				INFOPLIST_FILE = SocialLoginAppUITests/Info.plist;
				LD_RUNPATH_SEARCH_PATHS = (
					"$(inherited)",
					"@executable_path/Frameworks",
					"@loader_path/Frameworks",
				);
				PRODUCT_BUNDLE_IDENTIFIER = myCompany.SocialLoginAppUITests;
				PRODUCT_NAME = "$(TARGET_NAME)";
				SWIFT_VERSION = 5.0;
				TARGETED_DEVICE_FAMILY = "1,2";
				TEST_TARGET_NAME = SocialLoginApp;
			};
			name = Debug;
		};
		1B095E3625CEF9840016F847 /* Release */ = {
			isa = XCBuildConfiguration;
			baseConfigurationReference = 4392963F5E8C268DDDC89EBA /* Pods-SocialLoginApp-SocialLoginAppUITests.release.xcconfig */;
			buildSettings = {
				ALWAYS_EMBED_SWIFT_STANDARD_LIBRARIES = YES;
				CODE_SIGN_STYLE = Automatic;
				DEVELOPMENT_TEAM = RY8P4GJ2VZ;
				INFOPLIST_FILE = SocialLoginAppUITests/Info.plist;
				LD_RUNPATH_SEARCH_PATHS = (
					"$(inherited)",
					"@executable_path/Frameworks",
					"@loader_path/Frameworks",
				);
				PRODUCT_BUNDLE_IDENTIFIER = myCompany.SocialLoginAppUITests;
				PRODUCT_NAME = "$(TARGET_NAME)";
				SWIFT_VERSION = 5.0;
				TARGETED_DEVICE_FAMILY = "1,2";
				TEST_TARGET_NAME = SocialLoginApp;
			};
			name = Release;
		};
/* End XCBuildConfiguration section */

/* Begin XCConfigurationList section */
		1B095DFF25CEF9830016F847 /* Build configuration list for PBXProject "SocialLoginApp" */ = {
			isa = XCConfigurationList;
			buildConfigurations = (
				1B095E2C25CEF9840016F847 /* Debug */,
				1B095E2D25CEF9840016F847 /* Release */,
			);
			defaultConfigurationIsVisible = 0;
			defaultConfigurationName = Release;
		};
		1B095E2E25CEF9840016F847 /* Build configuration list for PBXNativeTarget "SocialLoginApp" */ = {
			isa = XCConfigurationList;
			buildConfigurations = (
				1B095E2F25CEF9840016F847 /* Debug */,
				1B095E3025CEF9840016F847 /* Release */,
			);
			defaultConfigurationIsVisible = 0;
			defaultConfigurationName = Release;
		};
		1B095E3125CEF9840016F847 /* Build configuration list for PBXNativeTarget "SocialLoginAppTests" */ = {
			isa = XCConfigurationList;
			buildConfigurations = (
				1B095E3225CEF9840016F847 /* Debug */,
				1B095E3325CEF9840016F847 /* Release */,
			);
			defaultConfigurationIsVisible = 0;
			defaultConfigurationName = Release;
		};
		1B095E3425CEF9840016F847 /* Build configuration list for PBXNativeTarget "SocialLoginAppUITests" */ = {
			isa = XCConfigurationList;
			buildConfigurations = (
				1B095E3525CEF9840016F847 /* Debug */,
				1B095E3625CEF9840016F847 /* Release */,
			);
			defaultConfigurationIsVisible = 0;
			defaultConfigurationName = Release;
		};
/* End XCConfigurationList section */

/* Begin XCRemoteSwiftPackageReference section */
		1B095E3D25CEFC760016F847 /* XCRemoteSwiftPackageReference "SnapKit" */ = {
			isa = XCRemoteSwiftPackageReference;
			repositoryURL = "https://github.com/SnapKit/SnapKit.git";
			requirement = {
				kind = upToNextMajorVersion;
				minimumVersion = 5.0.1;
			};
		};
		1B095E4C25CF0A700016F847 /* XCRemoteSwiftPackageReference "facebook-ios-sdk" */ = {
			isa = XCRemoteSwiftPackageReference;
			repositoryURL = "https://github.com/facebook/facebook-ios-sdk";
			requirement = {
				kind = upToNextMajorVersion;
				minimumVersion = 9.0.0;
			};
		};
/* End XCRemoteSwiftPackageReference section */

/* Begin XCSwiftPackageProductDependency section */
		1B095E3E25CEFC760016F847 /* SnapKit */ = {
			isa = XCSwiftPackageProductDependency;
			package = 1B095E3D25CEFC760016F847 /* XCRemoteSwiftPackageReference "SnapKit" */;
			productName = SnapKit;
		};
		1B095E4D25CF0A700016F847 /* FacebookShare */ = {
			isa = XCSwiftPackageProductDependency;
			package = 1B095E4C25CF0A700016F847 /* XCRemoteSwiftPackageReference "facebook-ios-sdk" */;
			productName = FacebookShare;
		};
		1B095E4F25CF0A700016F847 /* FacebookCore */ = {
			isa = XCSwiftPackageProductDependency;
			package = 1B095E4C25CF0A700016F847 /* XCRemoteSwiftPackageReference "facebook-ios-sdk" */;
			productName = FacebookCore;
		};
		1B095E5125CF0A700016F847 /* FacebookGamingServices */ = {
			isa = XCSwiftPackageProductDependency;
			package = 1B095E4C25CF0A700016F847 /* XCRemoteSwiftPackageReference "facebook-ios-sdk" */;
			productName = FacebookGamingServices;
		};
		1B095E5325CF0A700016F847 /* FacebookLogin */ = {
			isa = XCSwiftPackageProductDependency;
			package = 1B095E4C25CF0A700016F847 /* XCRemoteSwiftPackageReference "facebook-ios-sdk" */;
			productName = FacebookLogin;
		};
/* End XCSwiftPackageProductDependency section */
	};
	rootObject = 1B095DFC25CEF9830016F847 /* Project object */;
}
